version = 1
revision = 3
requires-python = ">=3.10"
resolution-markers = [
    "python_full_version >= '3.12'",
    "python_full_version == '3.11.*'",
    "python_full_version < '3.11'",
]

[options]
exclude-newer = "0001-01-01T00:00:00Z" # This has no effect and is included for backwards compatibility when using relative exclude-newer values.
exclude-newer-span = "P7D"

[[package]]
name = "av"
version = "17.1.0"
source = { registry = "https://pypi.org/simple" }
resolution-markers = [
    "python_full_version < '3.11'",
]
sdist = { url = "https://files.pythonhosted.org/packages/5e/e3/477fa20578c284abeda08d91b63ee9abaebc93445d8feeb989d3d444bae1/av-17.1.0.tar.gz", hash = "sha256:7f1e71ff621b66253333926f948e00faae11d855b2442133c65128bca64cdeb3", size = 4288546, upload-time = "2026-06-07T05:52:55.999Z" }
wheels = [
    { url = "https://files.pythonhosted.org/packages/ca/92/c9d0cea4f6f8f93f5b15a39f99d2d593f922484f22a2d98a8d482283e15b/av-17.1.0-cp310-cp310-macosx_11_0_x86_64.whl", hash = "sha256:19c84fd72af5ef81a20f18fbc6f9aedff9e1455e53a7062c1d4c95926d73da4e", size = 22622703, upload-time = "2026-06-07T05:51:40.405Z" },
    { url = "https://files.pythonhosted.org/packages/dc/57/74399770aa103ee4b5ff6da1781440c91a41901d89abb2433fe88773246e/av-17.1.0-cp310-cp310-macosx_14_0_arm64.whl", hash = "sha256:19264c9bb4bee404accc7ce9ec461f2044b7f577a70234d29aafde31ed17de46", size = 18273538, upload-time = "2026-06-07T05:51:43.078Z" },
    { url = "https://files.pythonhosted.org/packages/eb/17/27c85b12e9ffa8f3f6854358b3eabcd91f3c29c7dac36843fa1376e833f4/av-17.1.0-cp310-cp310-manylinux_2_28_aarch64.whl", hash = "sha256:22dff0ae582d10ef08c75c2150a4fd27cfc26653b54930c7c27b9f7b3aa20723", size = 34519101, upload-time = "2026-06-07T05:51:45.305Z" },
    { url = "https://files.pythonhosted.org/packages/04/a4/542d4bfd9f4aec5f3265985b9dbc6b259d45c2e668f9714e5f4e05b71e64/av-17.1.0-cp310-cp310-manylinux_2_28_x86_64.whl", hash = "sha256:90c49bc9608377d01e82e747377505419a229464873341db18202d5dddecce5a", size = 36647600, upload-time = "2026-06-07T05:51:48.57Z" },
    { url = "https://files.pythonhosted.org/packages/63/1e/63bd5c59580f38109fa4c452b29b715a20c9a5eb3a078b3c447484593c40/av-17.1.0-cp310-cp310-manylinux_2_31_armv7l.whl", hash = "sha256:cc5a5247622cb77e24c342364eb68f88c1442ddfaab60c1f1f483359d3cc7879", size = 25786289, upload-time = "2026-06-07T05:51:51.674Z" },
    { url = "https://files.pythonhosted.org/packages/70/30/78155cef0c9f8bc13f044130192c58bf962f2c9066982ff3593afe8d27f1/av-17.1.0-cp310-cp310-musllinux_1_2_aarch64.whl", hash = "sha256:ff457ed419348e5b8e8c811d341389b052c5e4d5839da3794d019b125b9fe830", size = 35599848, upload-time = "2026-06-07T05:51:54.207Z" },
    { url = "https://files.pythonhosted.org/packages/76/cb/ae1d7a735a5ad9dc502dba864c51d605cbe932a769218352fd570254c38e/av-17.1.0-cp310-cp310-musllinux_1_2_armv7l.whl", hash = "sha256:1370b11a697eb3f2555906f8ab3519b0cfe48425d7830a3996ad42e6bffafda5", size = 26776479, upload-time = "2026-06-07T05:51:56.788Z" },
    { url = "https://files.pythonhosted.org/packages/fb/40/128429b9eb0c4a2beb122ed8d04b189515df68967987c2654a2e262a5c43/av-17.1.0-cp310-cp310-musllinux_1_2_x86_64.whl", hash = "sha256:3dcd41e53f53f9a3260751d9c3c11d34e93d70d61e506c81f13dbc1e3606e07b", size = 37763744, upload-time = "2026-06-07T05:51:59.222Z" },
    { url = "https://files.pythonhosted.org/packages/01/6a/5980e7bbeeadfd7a9db8e38e9f1140a3e0c392fccc31bd7b1e4a75cf5a96/av-17.1.0-cp310-cp310-win_amd64.whl", hash = "sha256:3453b06075c7bb973fdb6de52563f7692ff05cbc64c0bb45f4fd6e8709131f2f", size = 28126516, upload-time = "2026-06-07T05:52:01.658Z" },
    { url = "https://files.pythonhosted.org/packages/ec/87/8036b5c781bc3639ea04ef42d4e26da253bd4bd4311d8705b6a1c8824047/av-17.1.0-cp311-abi3-macosx_11_0_x86_64.whl", hash = "sha256:ad7b4aa011093324b7118245f50ac6db244cfe9900d4072508a5245a2b0d3f41", size = 22460847, upload-time = "2026-06-07T05:52:04.261Z" },
    { url = "https://files.pythonhosted.org/packages/6d/af/dfdf6fc7b17814b50d0aa9e7a7e37b87be91be3890f44b0d525433cd1fd1/av-17.1.0-cp311-abi3-macosx_14_0_arm64.whl", hash = "sha256:43ebbe977f19a7f2d2bd1a4e119675a0b15e05852cf7309846b6ab922ba7ffe9", size = 18159115, upload-time = "2026-06-07T05:52:06.64Z" },
    { url = "https://files.pythonhosted.org/packages/ad/13/64f6c466471cea225b8b2f4cdc51a571f8a286984b55a08d169b932fda5d/av-17.1.0-cp311-abi3-manylinux_2_28_aarch64.whl", hash = "sha256:6a20658ec7d96a70e14b1196eff00b7cdd8831ac3b99868e16b8ba8b24090847", size = 33224427, upload-time = "2026-06-07T05:52:09.165Z" },
    { url = "https://files.pythonhosted.org/packages/77/43/96b35170bf2e64e00a41748c6400ff73232dc0fc62ded283679fb07c7fe0/av-17.1.0-cp311-abi3-manylinux_2_28_x86_64.whl", hash = "sha256:f9a65d1f48b818323fb411e80358f89d77dec340b01d27c6b2dfbb9cbf4b779f", size = 35370183, upload-time = "2026-06-07T05:52:11.959Z" },
    { url = "https://files.pythonhosted.org/packages/2e/b3/8e8b4b6498731bfbd88e8399a756543f8088f1bd33d08eab678b5aebe728/av-17.1.0-cp311-abi3-manylinux_2_31_armv7l.whl", hash = "sha256:58f7593726437cda5bd19793027e027768450b5c4a594777bf487798a33db702", size = 24459265, upload-time = "2026-06-07T05:52:14.66Z" },
    { url = "https://files.pythonhosted.org/packages/14/ac/ceb84b7553db21f1143d817245c560d9267168e1e58b1a8eeae2b62c4d04/av-17.1.0-cp311-abi3-musllinux_1_2_aarch64.whl", hash = "sha256:bbab058bd965309f39962e53caac8126987c68c0be094fc4f9427e5615b0218f", size = 34283709, upload-time = "2026-06-07T05:52:17.389Z" },
    { url = "https://files.pythonhosted.org/packages/59/f9/4115fd84148c9a1cf365096694be6ac882fd3cd3cdb7a2f35e71fecf1631/av-17.1.0-cp311-abi3-musllinux_1_2_armv7l.whl", hash = "sha256:9514cfda85180554c430695282faf4be3ffdf95775d8519733821244eecb58e0", size = 25397573, upload-time = "2026-06-07T05:52:20.012Z" },
    { url = "https://files.pythonhosted.org/packages/e2/ac/92e52d5ed0e0b84d9d93e52b4338c2713d8a44082b8696e6516fdae7c4e4/av-17.1.0-cp311-abi3-musllinux_1_2_x86_64.whl", hash = "sha256:e1c90f85cd7431ede95b11e8e711571a896ebea433f298849c2c0f1594c8d86e", size = 36451495, upload-time = "2026-06-07T05:52:22.581Z" },
    { url = "https://files.pythonhosted.org/packages/6b/f2/53a7cd34adb6a971d7e6d99663e74db286966c9db8afdca17472fdf0f98e/av-17.1.0-cp311-abi3-win_amd64.whl", hash = "sha256:5df5c1172ef1cf65a1529d612f7da7798ce2cf82c1ff7212466b538a6cc7214c", size = 28036393, upload-time = "2026-06-07T05:52:25.657Z" },
    { url = "https://files.pythonhosted.org/packages/66/47/cd9ae0edf2206351c1251bb94b5ec58728e42c5f6ee16c03c412f3a1bb3e/av-17.1.0-cp311-abi3-win_arm64.whl", hash = "sha256:ee98534242a74da847af78624779ac5a3177dc7c69f956a4da9e6f0fdb37d7f6", size = 21174601, upload-time = "2026-06-07T05:52:28.077Z" },
    { url = "https://files.pythonhosted.org/packages/36/90/b5668cddb3c401fcf22553bc495d5b0c6d8a01d118624b26f0db1d0b8653/av-17.1.0-cp314-cp314t-macosx_11_0_x86_64.whl", hash = "sha256:5327807c1219293803ef0c5d1578ff3ae1cf638c09e5998962026e1a554ec240", size = 22699499, upload-time = "2026-06-07T05:52:30.335Z" },
    { url = "https://files.pythonhosted.org/packages/e0/7e/7be6bfddb823d045ff9fd5d4deb922ee3847605e162c3882e6c45b4c35ff/av-17.1.0-cp314-cp314t-macosx_14_0_arm64.whl", hash = "sha256:6c9b71fe5c0c5a8d303b1588d4d8ce9397d6b023f467cfef95000ba1f75507fa", size = 18366696, upload-time = "2026-06-07T05:52:32.645Z" },
    { url = "https://files.pythonhosted.org/packages/a2/23/391dcfa75c1ae1977efca44b753a11b929399b558826670c16a8808dd0e3/av-17.1.0-cp314-cp314t-manylinux_2_28_aarch64.whl", hash = "sha256:f997e3351bdf51127c07a74e21741a2996e9230cbeb2d81c14acde761b116c9c", size = 36582649, upload-time = "2026-06-07T05:52:35.218Z" },
    { url = "https://files.pythonhosted.org/packages/fb/32/7312854868b318b9d1b1dcbd1bddb460aaaeac7d57f816e11efec3bef5b1/av-17.1.0-cp314-cp314t-manylinux_2_28_x86_64.whl", hash = "sha256:efe9b1397300b67b644ad220c89df4892a76f2debe70f16bae1749fa20526e63", size = 38479390, upload-time = "2026-06-07T05:52:37.968Z" },
    { url = "https://files.pythonhosted.org/packages/2a/72/af47f59b4458e81ca7d89f477698dbfb3d5a0cd8ae6c1e4441d01074af8a/av-17.1.0-cp314-cp314t-manylinux_2_31_armv7l.whl", hash = "sha256:fa64e1f1500d01c4a98e7a41dc1a9a35fb4dfe71f5de0389264ec1192200c76a", size = 27127432, upload-time = "2026-06-07T05:52:40.371Z" },
    { url = "https://files.pythonhosted.org/packages/88/85/c2e6861baf0f8c7d21c4ce811d4d424fedac915e3910d3570ce4377717dc/av-17.1.0-cp314-cp314t-musllinux_1_2_aarch64.whl", hash = "sha256:ffbd78d73d2c9bf31e9a007c992faec3991428b2941a3b085b84fb82e8c32d19", size = 37406592, upload-time = "2026-06-07T05:52:43.215Z" },
    { url = "https://files.pythonhosted.org/packages/ba/40/3cc13125aea976101c0858af99ac47257c0654411aa199b5d8e81eea7002/av-17.1.0-cp314-cp314t-musllinux_1_2_armv7l.whl", hash = "sha256:bff8896454b38fcb785a70e5ae0485d7021cb776303a5849393128a30b8f850b", size = 28336228, upload-time = "2026-06-07T05:52:46.134Z" },
    { url = "https://files.pythonhosted.org/packages/a2/38/c7d9c3e746209a1a695c13e3aa7d817229e84a85d0a84271f313d1befdd3/av-17.1.0-cp314-cp314t-musllinux_1_2_x86_64.whl", hash = "sha256:1284addf3c0dd939887a9722dc30df2241a97471ad52c3c507e31583ae22ff02", size = 39490680, upload-time = "2026-06-07T05:52:48.887Z" },
    { url = "https://files.pythonhosted.org/packages/a1/25/9d42da561b7b8f7dabdfaebba07b52977bee58c5c7e4285ac991abcfaa72/av-17.1.0-cp314-cp314t-win_amd64.whl", hash = "sha256:ec630be6321b04e317862f6082e84812bbd801e55a3c2298312e3fc8a0a4af4f", size = 28355673, upload-time = "2026-06-07T05:52:51.614Z" },
    { url = "https://files.pythonhosted.org/packages/a8/41/562a61d5a61fba3ffb273a115e249f1d8471b9515c59fcc38b4b9deda238/av-17.1.0-cp314-cp314t-win_arm64.whl", hash = "sha256:b41647e42884bf543b8e8d0a1dabd4d1b006c99183eb1a2d7afc5b01f73eeff4", size = 21324700, upload-time = "2026-06-07T05:52:53.972Z" },
]

[[package]]
name = "av"
version = "18.1.0"
source = { registry = "https://pypi.org/simple" }
resolution-markers = [
    "python_full_version >= '3.12'",
    "python_full_version == '3.11.*'",
]
sdist = { url = "https://files.pythonhosted.org/packages/8d/f4/f22114d30d3435e38c6af2b4870f37b864403dca6ae7af747a289ce0a18e/av-18.1.0.tar.gz", hash = "sha256:47bfc286e1bc9de7ab4681fc2b575cd2460a66919d31ffe1bd5aa54fae531a28", size = 4451061, upload-time = "2026-08-12T22:28:18.761Z" }
wheels = [
    { url = "https://files.pythonhosted.org/packages/05/d4/d7cdc8bff143c17a6d35924375ae28dd692cacde38700a7d419fde54f44a/av-18.1.0-cp311-abi3-macosx_11_0_x86_64.whl", hash = "sha256:ae75d8bb6467895ed1f8572ededf7ffa49eac07f6e483222f5d7d62a41d12f04", size = 22546147, upload-time = "2026-08-12T22:27:11.851Z" },
    { url = "https://files.pythonhosted.org/packages/3f/c9/37a619297492256b77d5ed906e7d8166c10a26ed251dccf1ae03ab19bff6/av-18.1.0-cp311-abi3-macosx_14_0_arm64.whl", hash = "sha256:b30a4e8d934558e19602b68998a4d9ac9f250fa0dacef216f7e8e40153b13316", size = 18217603, upload-time = "2026-08-12T22:27:14.713Z" },
    { url = "https://files.pythonhosted.org/packages/d9/84/2464ffb64c08c5ce8b522c8e74594714414e3b0575267652c5c51c0574b9/av-18.1.0-cp311-abi3-manylinux_2_28_aarch64.whl", hash = "sha256:6fc837cc51adf80331ac850779cd53b5d4c4460b0ebe9057a02a921c6736f19d", size = 33640142, upload-time = "2026-08-12T22:27:17.835Z" },
    { url = "https://files.pythonhosted.org/packages/27/3a/204dbfc3e08eb4cdc6e6ff57be02150bc44523ebdb50182d10025792ebd9/av-18.1.0-cp311-abi3-manylinux_2_28_x86_64.whl", hash = "sha256:8a032e8d8ebc73dec079364b9b4a6837638a2d106e8472314e685ffbf163e700", size = 35786210, upload-time = "2026-08-12T22:27:20.984Z" },
    { url = "https://files.pythonhosted.org/packages/e1/99/b0d04ec553ff9a7e00455458dfa3a39c8a8f627b273056b4e5fe57d590de/av-18.1.0-cp311-abi3-manylinux_2_31_armv7l.whl", hash = "sha256:3c8b1f8b46f99d52e2d8b0ed5d0cdadf172d24794d46e2077b16e44ed08e26ff", size = 39379798, upload-time = "2026-08-12T22:27:24.432Z" },
    { url = "https://files.pythonhosted.org/packages/56/b1/e00d4feae59160149df6126585e726fdc6300798fd40c5dd324879e81f68/av-18.1.0-cp311-abi3-musllinux_1_2_aarch64.whl", hash = "sha256:ab5ac081bc9eaf54109120d4e56284674fecfbe520d9aa1707c7fa911ec5f4d2", size = 34690321, upload-time = "2026-08-12T22:27:27.769Z" },
    { url = "https://files.pythonhosted.org/packages/dc/94/836fa987e3084d11a21489f11357fb24843ef3aa8faf74ddddfc603d5062/av-18.1.0-cp311-abi3-musllinux_1_2_x86_64.whl", hash = "sha256:191224788d87af06c31784a395bb73f14b72f33d7f4871ace0157de2abdc6276", size = 36859932, upload-time = "2026-08-12T22:27:31.403Z" },
    { url = "https://files.pythonhosted.org/packages/33/b4/76ba21e46704f632004276b85289a1582e95f5eff760436d6149875a1881/av-18.1.0-cp311-abi3-win_amd64.whl", hash = "sha256:ea1480b7a8d5405cb5f382b344731bf125fd2c1c6fae3964f6c48595628387ff", size = 27595679, upload-time = "2026-08-12T22:27:35.177Z" },
    { url = "https://files.pythonhosted.org/packages/4f/ad/a3135884c5753b09773176b97201ae602f67ad14206c395ff838d66bf9b0/av-18.1.0-cp311-abi3-win_arm64.whl", hash = "sha256:5509ec12aaa19fd6601de13cfa6f4cdad450da07982118510592875d970454d6", size = 20257584, upload-time = "2026-08-12T22:27:38.472Z" },
    { url = "https://files.pythonhosted.org/packages/4f/5b/4a756265d7fb164336c8d377bca21c39cfa2c178be23cedee840a69b59c5/av-18.1.0-cp314-cp314t-macosx_11_0_x86_64.whl", hash = "sha256:b36b0bae9e4c62f9487c99481ec15e4e3870fcc868522cd6d18fc2d6bfa04f01", size = 22795654, upload-time = "2026-08-12T22:27:42.016Z" },
    { url = "https://files.pythonhosted.org/packages/d5/cc/1bc841462114a1adf4f7d87456ab78a6972e23271e71865fcd2bbd0e7360/av-18.1.0-cp314-cp314t-macosx_14_0_arm64.whl", hash = "sha256:025f84494cb23278498f03b0d8117d3e47a1cbc9c44b97eb31875cf02251e46b", size = 18435735, upload-time = "2026-08-12T22:27:45.787Z" },
    { url = "https://files.pythonhosted.org/packages/b8/20/005500ed17a2e62a5e4bb94aa3786942560ec2f55ec1895ebf174c87abef/av-18.1.0-cp314-cp314t-manylinux_2_28_aarch64.whl", hash = "sha256:08a9ae288299cfcbf739dba4ad0c53b9b71f45184303dd45947920d022fed695", size = 37090807, upload-time = "2026-08-12T22:27:50.14Z" },
    { url = "https://files.pythonhosted.org/packages/5c/f7/11e7f6d848d3690c31ca4f8578167393e619177f1493ccc93b9400852d4e/av-18.1.0-cp314-cp314t-manylinux_2_28_x86_64.whl", hash = "sha256:cf8a17466bef07765dbdecc9e66ed9b25d20b4e14f654fbf35345a58ac45fa0c", size = 38976836, upload-time = "2026-08-12T22:27:54.565Z" },
    { url = "https://files.pythonhosted.org/packages/c3/63/b271473b24e806062d31191e40c6d65545e9cf59f80f044eba56dcbba0f4/av-18.1.0-cp314-cp314t-manylinux_2_31_armv7l.whl", hash = "sha256:d49a5c542dfdc00f43c6cdb6cc41dac1781ee206fe180b56aa7433dfa816dfae", size = 40896630, upload-time = "2026-08-12T22:27:59.118Z" },
    { url = "https://files.pythonhosted.org/packages/6b/9f/2ab7fa292a947ad3466ed8e655eefa3b82f535d7ea598c297b4471a937c4/av-18.1.0-cp314-cp314t-musllinux_1_2_aarch64.whl", hash = "sha256:5548b79e2bf1f59b3e9aedc918a72d9dc45b9adaac10ff9470d5dbdda0002e47", size = 37895673, upload-time = "2026-08-12T22:28:03.98Z" },
    { url = "https://files.pythonhosted.org/packages/e9/d8/04507c57249b399c3e4f23f01d221532f357338b5316fd2858fbd343127d/av-18.1.0-cp314-cp314t-musllinux_1_2_x86_64.whl", hash = "sha256:e7ea063f6690193ea335a1d592d6e0274350d45e2ed6af83ee107cb90cbfd84f", size = 39992431, upload-time = "2026-08-12T22:28:08.736Z" },
    { url = "https://files.pythonhosted.org/packages/d6/d6/bc4b95bea9c2353a7e4d62a3fcfad9adcf0f881741c6ce01ee179d539ce3/av-18.1.0-cp314-cp314t-win_amd64.whl", hash = "sha256:e4d48b9f12cad009cc72fe4f4099107de5e819c95f82767f4fd01a01481c0661", size = 28497798, upload-time = "2026-08-12T22:28:13.003Z" },
    { url = "https://files.pythonhosted.org/packages/c1/d2/0c277a46f12647c1833f40496e132fb6001e0d19e6144b5ea30896461feb/av-18.1.0-cp314-cp314t-win_arm64.whl", hash = "sha256:5cd9085028902c9880622bd37a12fd4b33060f06a52311f6f4867ca9f29a2c3b", size = 21421979, upload-time = "2026-08-12T22:28:16.48Z" },
]

[[package]]
name = "backports-asyncio-runner"
version = "1.2.0"
source = { registry = "https://pypi.org/simple" }
sdist = { url = "https://files.pythonhosted.org/packages/8e/ff/70dca7d7cb1cbc0edb2c6cc0c38b65cba36cccc491eca64cabd5fe7f8670/backports_asyncio_runner-1.2.0.tar.gz", hash = "sha256:a5aa7b2b7d8f8bfcaa2b57313f70792df84e32a2a746f585213373f900b42162", size = 69893, upload-time = "2025-07-02T02:27:15.685Z" }
wheels = [
    { url = "https://files.pythonhosted.org/packages/a0/59/76ab57e3fe74484f48a53f8e337171b4a2349e506eabe136d7e01d059086/backports_asyncio_runner-1.2.0-py3-none-any.whl", hash = "sha256:0da0a936a8aeb554eccb426dc55af3ba63bcdc69fa1a600b5bb305413a4477b5", size = 12313, upload-time = "2025-07-02T02:27:14.263Z" },
]

[[package]]
name = "colorama"
version = "0.4.6"
source = { registry = "https://pypi.org/simple" }
sdist = { url = "https://files.pythonhosted.org/packages/d8/53/6f443c9a4a8358a93a6792e2acffb9d9d5cb0a5cfd8802644b7b1c9a02e4/colorama-0.4.6.tar.gz", hash = "sha256:08695f5cb7ed6e0531a20572697297273c47b8cae5a63ffc6d6ed5c201be6e44", size = 27697, upload-time = "2022-10-25T02:36:22.414Z" }
wheels = [
    { url = "https://files.pythonhosted.org/packages/d1/d6/3965ed04c63042e047cb6a3e6ed1a63a35087b6a609aa3a15ed8ac56c221/colorama-0.4.6-py2.py3-none-any.whl", hash = "sha256:4f1d9991f5acc0ca119f9d443620b77f9d6b33703e51011c16baf57afb285fc6", size = 25335, upload-time = "2022-10-25T02:36:20.889Z" },
]

[[package]]
name = "comfyui-reactor-api"
version = "0.1.0"
source = { virtual = "." }
dependencies = [
    { name = "reactor-sdk" },
]

[package.dev-dependencies]
dev = [
    { name = "av", version = "17.1.0", source = { registry = "https://pypi.org/simple" }, marker = "python_full_version < '3.11'" },
    { name = "av", version = "18.1.0", source = { registry = "https://pypi.org/simple" }, marker = "python_full_version >= '3.11'" },
    { name = "pytest" },
    { name = "pytest-asyncio" },
]

[package.metadata]
requires-dist = [{ name = "reactor-sdk", specifier = ">=1.6" }]

[package.metadata.requires-dev]
dev = [
    { name = "av" },
    { name = "pytest", specifier = ">=8.0" },
    { name = "pytest-asyncio", specifier = ">=0.24" },
]

[[package]]
name = "exceptiongroup"
version = "1.3.1"
source = { registry = "https://pypi.org/simple" }
dependencies = [
    { name = "typing-extensions", marker = "python_full_version < '3.11'" },
]
sdist = { url = "https://files.pythonhosted.org/packages/50/79/66800aadf48771f6b62f7eb014e352e5d06856655206165d775e675a02c9/exceptiongroup-1.3.1.tar.gz", hash = "sha256:8b412432c6055b0b7d14c310000ae93352ed6754f70fa8f7c34141f91c4e3219", size = 30371, upload-time = "2025-11-21T23:01:54.787Z" }
wheels = [
    { url = "https://files.pythonhosted.org/packages/8a/0e/97c33bf5009bdbac74fd2beace167cab3f978feb69cc36f1ef79360d6c4e/exceptiongroup-1.3.1-py3-none-any.whl", hash = "sha256:a7a39a3bd276781e98394987d3a5701d0c4edffb633bb7a5144577f82c773598", size = 16740, upload-time = "2025-11-21T23:01:53.443Z" },
]

[[package]]
name = "iniconfig"
version = "2.3.0"
source = { registry = "https://pypi.org/simple" }
sdist = { url = "https://files.pythonhosted.org/packages/72/34/14ca021ce8e5dfedc35312d08ba8bf51fdd999c576889fc2c24cb97f4f10/iniconfig-2.3.0.tar.gz", hash = "sha256:c76315c77db068650d49c5b56314774a7804df16fee4402c1f19d6d15d8c4730", size = 20503, upload-time = "2025-10-18T21:55:43.219Z" }
wheels = [
    { url = "https://files.pythonhosted.org/packages/cb/b1/3846dd7f199d53cb17f49cba7e651e9ce294d8497c8c150530ed11865bb8/iniconfig-2.3.0-py3-none-any.whl", hash = "sha256:f631c04d2c48c52b84d0d0549c99ff3859c98df65b3101406327ecc7d53fbf12", size = 7484, upload-time = "2025-10-18T21:55:41.639Z" },
]

[[package]]
name = "packaging"
version = "26.3"
source = { registry = "https://pypi.org/simple" }
sdist = { url = "https://files.pythonhosted.org/packages/7d/fa/3944b40b07da9ce895c0e6303a5ab7d53da063554f534556b134a54d6093/packaging-26.3.tar.gz", hash = "sha256:94edc256424af38762eb31306eed28beb9f0efc50a8837492c9d6fd6004aed79", size = 313412, upload-time = "2026-08-04T18:15:28.737Z" }
wheels = [
    { url = "https://files.pythonhosted.org/packages/63/34/ba1c580383c9eada3711951fef0795c80b829a078d72188184bcab9dd527/packaging-26.3-py3-none-any.whl", hash = "sha256:d7193f7c8e4e93f444fde0262bf90af30e16fa0ad0ad44cb553c87339b23cd1c", size = 129956, upload-time = "2026-08-04T18:15:27.159Z" },
]

[[package]]
name = "pluggy"
version = "1.6.0"
source = { registry = "https://pypi.org/simple" }
sdist = { url = "https://files.pythonhosted.org/packages/f9/e2/3e91f31a7d2b083fe6ef3fa267035b518369d9511ffab804f839851d2779/pluggy-1.6.0.tar.gz", hash = "sha256:7dcc130b76258d33b90f61b658791dede3486c3e6bfb003ee5c9bfb396dd22f3", size = 69412, upload-time = "2025-05-15T12:30:07.975Z" }
wheels = [
    { url = "https://files.pythonhosted.org/packages/54/20/4d324d65cc6d9205fabedc306948156824eb9f0ee1633355a8f7ec5c66bf/pluggy-1.6.0-py3-none-any.whl", hash = "sha256:e920276dd6813095e9377c0bc5566d94c932c33b27a3e3945d8389c374dd4746", size = 20538, upload-time = "2025-05-15T12:30:06.134Z" },
]

[[package]]
name = "pygments"
version = "2.21.0"
source = { registry = "https://pypi.org/simple" }
sdist = { url = "https://files.pythonhosted.org/packages/49/2e/ced460408999b33da6b31b0021b0f37d329e202d4169aeb164493778f25b/pygments-2.21.0.tar.gz", hash = "sha256:610ca751c9bc2492b38eb9a38a7fbc93edbbb2d7182edaf34e66ae493dee5c8c", size = 5005329, upload-time = "2026-08-17T08:02:48.824Z" }
wheels = [
    { url = "https://files.pythonhosted.org/packages/71/46/17f022dd3e953bf20a04a028a21ec746d942f8d2af30fa0f124fa0e6a684/pygments-2.21.0-py3-none-any.whl", hash = "sha256:2363c69b61c4a97c838da3b130dcd6468f4848992b21a82f2a63ec34377137d9", size = 1250147, upload-time = "2026-08-17T08:02:44.912Z" },
]

[[package]]
name = "pytest"
version = "9.1.1"
source = { registry = "https://pypi.org/simple" }
dependencies = [
    { name = "colorama", marker = "sys_platform == 'win32'" },
    { name = "exceptiongroup", marker = "python_full_version < '3.11'" },
    { name = "iniconfig" },
    { name = "packaging" },
    { name = "pluggy" },
    { name = "pygments" },
    { name = "tomli", marker = "python_full_version < '3.11'" },
]
sdist = { url = "https://files.pythonhosted.org/packages/e4/47/b9efed96c114afcfa3c9d3fe98a76a1d14c74a9e266d397cf6eb64be5e01/pytest-9.1.1.tar.gz", hash = "sha256:1088fbde8f2b49d95a549a195707afa7a76a3ce9bcadc26b6d71f0ffda5fe313", size = 1636369, upload-time = "2026-06-19T10:58:32.857Z" }
wheels = [
    { url = "https://files.pythonhosted.org/packages/24/25/1de2678b631f5a49215c6c96fff41ba892b0a34df68d6d80292b1b48aa7f/pytest-9.1.1-py3-none-any.whl", hash = "sha256:37a86b45efb9a47a61a36449063e8e18d0cab3161329fc099eb21783169c4f0c", size = 386536, upload-time = "2026-06-19T10:58:31.347Z" },
]

[[package]]
name = "pytest-asyncio"
version = "1.4.0"
source = { registry = "https://pypi.org/simple" }
dependencies = [
    { name = "backports-asyncio-runner", marker = "python_full_version < '3.11'" },
    { name = "pytest" },
    { name = "typing-extensions", marker = "python_full_version < '3.13'" },
]
sdist = { url = "https://files.pythonhosted.org/packages/43/7c/d36d04db312ecf4298932ef77e6e4a9e8ad017906e24e34f0b0c361a2473/pytest_asyncio-1.4.0.tar.gz", hash = "sha256:c6c0d2259945122819f171a32ecea2c349ead889ee28176caaf492143424be42", size = 58514, upload-time = "2026-05-26T09:56:04.083Z" }
wheels = [
    { url = "https://files.pythonhosted.org/packages/03/e2/08a497ef684b88559c9cc5f4ad53a37e7b99e727094a86d6ea32536d5d3c/pytest_asyncio-1.4.0-py3-none-any.whl", hash = "sha256:933ca923a23075a87fb7070c0ec272a6848489824d887c85c812670932835aa1", size = 16930, upload-time = "2026-05-26T09:56:02.576Z" },
]

[[package]]
name = "reactor-sdk"
version = "1.6.0"
source = { registry = "https://pypi.org/simple" }
wheels = [
    { url = "https://files.pythonhosted.org/packages/af/1d/21509c2b95ec7d9c639d85b3052e1e609f087b09bb5c6c84e8fa2d80571b/reactor_sdk-1.6.0-py3-none-macosx_11_0_arm64.whl", hash = "sha256:ef9fbad9c1c86c283880c55d8a2f23c4434cbbd76cced9c435dd6ce71e61c072", size = 9050094, upload-time = "2026-09-16T14:49:28.384Z" },
    { url = "https://files.pythonhosted.org/packages/84/a0/7792b881c0b3a4f5843a6722241ec49c369f6f2047c3c4ddee0530b084fd/reactor_sdk-1.6.0-py3-none-macosx_13_0_x86_64.whl", hash = "sha256:52b797f96730e8a139220894b532a9e1c24d3ee45bbbe752d0b3fef39708b0ab", size = 10292989, upload-time = "2026-09-16T14:49:30.842Z" },
    { url = "https://files.pythonhosted.org/packages/bc/39/346a7aa034065552ee3b87ff2f75b4a3ec1b289f81930ada2268ab42ad3a/reactor_sdk-1.6.0-py3-none-manylinux_2_34_aarch64.whl", hash = "sha256:e570262b2f40d627813b8b7883992dbf14dcb72c5136d63f6498710ab4da16e6", size = 10416689, upload-time = "2026-09-16T14:49:33.069Z" },
    { url = "https://files.pythonhosted.org/packages/a2/ca/1062467ae46770e7eaea11e0bb54490daed3a3448a64e81dee113dc9d5f5/reactor_sdk-1.6.0-py3-none-manylinux_2_34_x86_64.whl", hash = "sha256:fa1d26612df946a3802dfead4c1e778a0bcf61750ee9865cd794cd638924f290", size = 11086774, upload-time = "2026-09-16T14:49:35.139Z" },
    { url = "https://files.pythonhosted.org/packages/33/42/f9c3690e489c1cc254b83ad535013093d7cf85f85fafe7d580bf708edf7c/reactor_sdk-1.6.0-py3-none-musllinux_1_2_aarch64.whl", hash = "sha256:d2e2fb7efa5f1f1841c4959c40d7ac274a0f04a97405d3b9aebd777076f9ae8f", size = 10448919, upload-time = "2026-09-16T14:49:37.233Z" },
    { url = "https://files.pythonhosted.org/packages/5e/f3/5bf78d04d14241637f7f63530d64702fdd3255a5b732dea2c27263ca4ba4/reactor_sdk-1.6.0-py3-none-musllinux_1_2_x86_64.whl", hash = "sha256:23b3c354cee37222ac03731573a221a935b71b2127ecd2eb4adb9775e41f155f", size = 11134095, upload-time = "2026-09-16T14:49:39.452Z" },
    { url = "https://files.pythonhosted.org/packages/cf/15/dff5d6a79bdf69e11f92603fcee70ad83f02061d201bd18e3d41fbf2ec6c/reactor_sdk-1.6.0-py3-none-win_amd64.whl", hash = "sha256:24eff9e7ab6ca36e02eb57bccd6f5bca92ec2aff690cd82ce240deacd458be26", size = 9806554, upload-time = "2026-09-16T14:49:41.611Z" },
]

[[package]]
name = "tomli"
version = "2.4.1"
source = { registry = "https://pypi.org/simple" }
sdist = { url = "https://files.pythonhosted.org/packages/22/de/48c59722572767841493b26183a0d1cc411d54fd759c5607c4590b6563a6/tomli-2.4.1.tar.gz", hash = "sha256:7c7e1a961a0b2f2472c1ac5b69affa0ae1132c39adcb67aba98568702b9cc23f", size = 17543, upload-time = "2026-03-25T20:22:03.828Z" }
wheels = [
    { url = "https://files.pythonhosted.org/packages/f4/11/db3d5885d8528263d8adc260bb2d28ebf1270b96e98f0e0268d32b8d9900/tomli-2.4.1-cp311-cp311-macosx_10_9_x86_64.whl", hash = "sha256:f8f0fc26ec2cc2b965b7a3b87cd19c5c6b8c5e5f436b984e85f486d652285c30", size = 154704, upload-time = "2026-03-25T20:21:10.473Z" },
    { url = "https://files.pythonhosted.org/packages/6d/f7/675db52c7e46064a9aa928885a9b20f4124ecb9bc2e1ce74c9106648d202/tomli-2.4.1-cp311-cp311-macosx_11_0_arm64.whl", hash = "sha256:4ab97e64ccda8756376892c53a72bd1f964e519c77236368527f758fbc36a53a", size = 149454, upload-time = "2026-03-25T20:21:12.036Z" },
    { url = "https://files.pythonhosted.org/packages/61/71/81c50943cf953efa35bce7646caab3cf457a7d8c030b27cfb40d7235f9ee/tomli-2.4.1-cp311-cp311-manylinux2014_aarch64.manylinux_2_17_aarch64.manylinux_2_28_aarch64.whl", hash = "sha256:96481a5786729fd470164b47cdb3e0e58062a496f455ee41b4403be77cb5a076", size = 237561, upload-time = "2026-03-25T20:21:13.098Z" },
    { url = "https://files.pythonhosted.org/packages/48/c1/f41d9cb618acccca7df82aaf682f9b49013c9397212cb9f53219e3abac37/tomli-2.4.1-cp311-cp311-manylinux2014_x86_64.manylinux_2_17_x86_64.manylinux_2_28_x86_64.whl", hash = "sha256:5a881ab208c0baf688221f8cecc5401bd291d67e38a1ac884d6736cbcd8247e9", size = 243824, upload-time = "2026-03-25T20:21:14.569Z" },
    { url = "https://files.pythonhosted.org/packages/22/e4/5a816ecdd1f8ca51fb756ef684b90f2780afc52fc67f987e3c61d800a46d/tomli-2.4.1-cp311-cp311-musllinux_1_2_aarch64.whl", hash = "sha256:47149d5bd38761ac8be13a84864bf0b7b70bc051806bc3669ab1cbc56216b23c", size = 242227, upload-time = "2026-03-25T20:21:15.712Z" },
    { url = "https://files.pythonhosted.org/packages/6b/49/2b2a0ef529aa6eec245d25f0c703e020a73955ad7edf73e7f54ddc608aa5/tomli-2.4.1-cp311-cp311-musllinux_1_2_x86_64.whl", hash = "sha256:ec9bfaf3ad2df51ace80688143a6a4ebc09a248f6ff781a9945e51937008fcbc", size = 247859, upload-time = "2026-03-25T20:21:17.001Z" },
    { url = "https://files.pythonhosted.org/packages/83/bd/6c1a630eaca337e1e78c5903104f831bda934c426f9231429396ce3c3467/tomli-2.4.1-cp311-cp311-win32.whl", hash = "sha256:ff2983983d34813c1aeb0fa89091e76c3a22889ee83ab27c5eeb45100560c049", size = 97204, upload-time = "2026-03-25T20:21:18.079Z" },
    { url = "https://files.pythonhosted.org/packages/42/59/71461df1a885647e10b6bb7802d0b8e66480c61f3f43079e0dcd315b3954/tomli-2.4.1-cp311-cp311-win_amd64.whl", hash = "sha256:5ee18d9ebdb417e384b58fe414e8d6af9f4e7a0ae761519fb50f721de398dd4e", size = 108084, upload-time = "2026-03-25T20:21:18.978Z" },
    { url = "https://files.pythonhosted.org/packages/b8/83/dceca96142499c069475b790e7913b1044c1a4337e700751f48ed723f883/tomli-2.4.1-cp311-cp311-win_arm64.whl", hash = "sha256:c2541745709bad0264b7d4705ad453b76ccd191e64aa6f0fc66b69a293a45ece", size = 95285, upload-time = "2026-03-25T20:21:20.309Z" },
    { url = "https://files.pythonhosted.org/packages/c1/ba/42f134a3fe2b370f555f44b1d72feebb94debcab01676bf918d0cb70e9aa/tomli-2.4.1-cp312-cp312-macosx_10_13_x86_64.whl", hash = "sha256:c742f741d58a28940ce01d58f0ab2ea3ced8b12402f162f4d534dfe18ba1cd6a", size = 155924, upload-time = "2026-03-25T20:21:21.626Z" },
    { url = "https://files.pythonhosted.org/packages/dc/c7/62d7a17c26487ade21c5422b646110f2162f1fcc95980ef7f63e73c68f14/tomli-2.4.1-cp312-cp312-macosx_11_0_arm64.whl", hash = "sha256:7f86fd587c4ed9dd76f318225e7d9b29cfc5a9d43de44e5754db8d1128487085", size = 150018, upload-time = "2026-03-25T20:21:23.002Z" },
    { url = "https://files.pythonhosted.org/packages/5c/05/79d13d7c15f13bdef410bdd49a6485b1c37d28968314eabee452c22a7fda/tomli-2.4.1-cp312-cp312-manylinux2014_aarch64.manylinux_2_17_aarch64.manylinux_2_28_aarch64.whl", hash = "sha256:ff18e6a727ee0ab0388507b89d1bc6a22b138d1e2fa56d1ad494586d61d2eae9", size = 244948, upload-time = "2026-03-25T20:21:24.04Z" },
    { url = "https://files.pythonhosted.org/packages/10/90/d62ce007a1c80d0b2c93e02cab211224756240884751b94ca72df8a875ca/tomli-2.4.1-cp312-cp312-manylinux2014_x86_64.manylinux_2_17_x86_64.manylinux_2_28_x86_64.whl", hash = "sha256:136443dbd7e1dee43c68ac2694fde36b2849865fa258d39bf822c10e8068eac5", size = 253341, upload-time = "2026-03-25T20:21:25.177Z" },
    { url = "https://files.pythonhosted.org/packages/1a/7e/caf6496d60152ad4ed09282c1885cca4eea150bfd007da84aea07bcc0a3e/tomli-2.4.1-cp312-cp312-musllinux_1_2_aarch64.whl", hash = "sha256:5e262d41726bc187e69af7825504c933b6794dc3fbd5945e41a79bb14c31f585", size = 248159, upload-time = "2026-03-25T20:21:26.364Z" },
    { url = "https://files.pythonhosted.org/packages/99/e7/c6f69c3120de34bbd882c6fba7975f3d7a746e9218e56ab46a1bc4b42552/tomli-2.4.1-cp312-cp312-musllinux_1_2_x86_64.whl", hash = "sha256:5cb41aa38891e073ee49d55fbc7839cfdb2bc0e600add13874d048c94aadddd1", size = 253290, upload-time = "2026-03-25T20:21:27.46Z" },
    { url = "https://files.pythonhosted.org/packages/d6/2f/4a3c322f22c5c66c4b836ec58211641a4067364f5dcdd7b974b4c5da300c/tomli-2.4.1-cp312-cp312-win32.whl", hash = "sha256:da25dc3563bff5965356133435b757a795a17b17d01dbc0f42fb32447ddfd917", size = 98141, upload-time = "2026-03-25T20:21:28.492Z" },
    { url = "https://files.pythonhosted.org/packages/24/22/4daacd05391b92c55759d55eaee21e1dfaea86ce5c571f10083360adf534/tomli-2.4.1-cp312-cp312-win_amd64.whl", hash = "sha256:52c8ef851d9a240f11a88c003eacb03c31fc1c9c4ec64a99a0f922b93874fda9", size = 108847, upload-time = "2026-03-25T20:21:29.386Z" },
    { url = "https://files.pythonhosted.org/packages/68/fd/70e768887666ddd9e9f5d85129e84910f2db2796f9096aa02b721a53098d/tomli-2.4.1-cp312-cp312-win_arm64.whl", hash = "sha256:f758f1b9299d059cc3f6546ae2af89670cb1c4d48ea29c3cacc4fe7de3058257", size = 95088, upload-time = "2026-03-25T20:21:30.677Z" },
    { url = "https://files.pythonhosted.org/packages/07/06/b823a7e818c756d9a7123ba2cda7d07bc2dd32835648d1a7b7b7a05d848d/tomli-2.4.1-cp313-cp313-macosx_10_13_x86_64.whl", hash = "sha256:36d2bd2ad5fb9eaddba5226aa02c8ec3fa4f192631e347b3ed28186d43be6b54", size = 155866, upload-time = "2026-03-25T20:21:31.65Z" },
    { url = "https://files.pythonhosted.org/packages/14/6f/12645cf7f08e1a20c7eb8c297c6f11d31c1b50f316a7e7e1e1de6e2e7b7e/tomli-2.4.1-cp313-cp313-macosx_11_0_arm64.whl", hash = "sha256:eb0dc4e38e6a1fd579e5d50369aa2e10acfc9cace504579b2faabb478e76941a", size = 149887, upload-time = "2026-03-25T20:21:33.028Z" },
    { url = "https://files.pythonhosted.org/packages/5c/e0/90637574e5e7212c09099c67ad349b04ec4d6020324539297b634a0192b0/tomli-2.4.1-cp313-cp313-manylinux2014_aarch64.manylinux_2_17_aarch64.manylinux_2_28_aarch64.whl", hash = "sha256:c7f2c7f2b9ca6bdeef8f0fa897f8e05085923eb091721675170254cbc5b02897", size = 243704, upload-time = "2026-03-25T20:21:34.51Z" },
    { url = "https://files.pythonhosted.org/packages/10/8f/d3ddb16c5a4befdf31a23307f72828686ab2096f068eaf56631e136c1fdd/tomli-2.4.1-cp313-cp313-manylinux2014_x86_64.manylinux_2_17_x86_64.manylinux_2_28_x86_64.whl", hash = "sha256:f3c6818a1a86dd6dca7ddcaaf76947d5ba31aecc28cb1b67009a5877c9a64f3f", size = 251628, upload-time = "2026-03-25T20:21:36.012Z" },
    { url = "https://files.pythonhosted.org/packages/e3/f1/dbeeb9116715abee2485bf0a12d07a8f31af94d71608c171c45f64c0469d/tomli-2.4.1-cp313-cp313-musllinux_1_2_aarch64.whl", hash = "sha256:d312ef37c91508b0ab2cee7da26ec0b3ed2f03ce12bd87a588d771ae15dcf82d", size = 247180, upload-time = "2026-03-25T20:21:37.136Z" },
    { url = "https://files.pythonhosted.org/packages/d3/74/16336ffd19ed4da28a70959f92f506233bd7cfc2332b20bdb01591e8b1d1/tomli-2.4.1-cp313-cp313-musllinux_1_2_x86_64.whl", hash = "sha256:51529d40e3ca50046d7606fa99ce3956a617f9b36380da3b7f0dd3dd28e68cb5", size = 251674, upload-time = "2026-03-25T20:21:38.298Z" },
    { url = "https://files.pythonhosted.org/packages/16/f9/229fa3434c590ddf6c0aa9af64d3af4b752540686cace29e6281e3458469/tomli-2.4.1-cp313-cp313-win32.whl", hash = "sha256:2190f2e9dd7508d2a90ded5ed369255980a1bcdd58e52f7fe24b8162bf9fedbd", size = 97976, upload-time = "2026-03-25T20:21:39.316Z" },
    { url = "https://files.pythonhosted.org/packages/6a/1e/71dfd96bcc1c775420cb8befe7a9d35f2e5b1309798f009dca17b7708c1e/tomli-2.4.1-cp313-cp313-win_amd64.whl", hash = "sha256:8d65a2fbf9d2f8352685bc1364177ee3923d6baf5e7f43ea4959d7d8bc326a36", size = 108755, upload-time = "2026-03-25T20:21:40.248Z" },
    { url = "https://files.pythonhosted.org/packages/83/7a/d34f422a021d62420b78f5c538e5b102f62bea616d1d75a13f0a88acb04a/tomli-2.4.1-cp313-cp313-win_arm64.whl", hash = "sha256:4b605484e43cdc43f0954ddae319fb75f04cc10dd80d830540060ee7cd0243cd", size = 95265, upload-time = "2026-03-25T20:21:41.219Z" },
    { url = "https://files.pythonhosted.org/packages/3c/fb/9a5c8d27dbab540869f7c1f8eb0abb3244189ce780ba9cd73f3770662072/tomli-2.4.1-cp314-cp314-macosx_10_15_x86_64.whl", hash = "sha256:fd0409a3653af6c147209d267a0e4243f0ae46b011aa978b1080359fddc9b6cf", size = 155726, upload-time = "2026-03-25T20:21:42.23Z" },
    { url = "https://files.pythonhosted.org/packages/62/05/d2f816630cc771ad836af54f5001f47a6f611d2d39535364f148b6a92d6b/tomli-2.4.1-cp314-cp314-macosx_11_0_arm64.whl", hash = "sha256:a120733b01c45e9a0c34aeef92bf0cf1d56cfe81ed9d47d562f9ed591a9828ac", size = 149859, upload-time = "2026-03-25T20:21:43.386Z" },
    { url = "https://files.pythonhosted.org/packages/ce/48/66341bdb858ad9bd0ceab5a86f90eddab127cf8b046418009f2125630ecb/tomli-2.4.1-cp314-cp314-manylinux2014_aarch64.manylinux_2_17_aarch64.manylinux_2_28_aarch64.whl", hash = "sha256:559db847dc486944896521f68d8190be1c9e719fced785720d2216fe7022b662", size = 244713, upload-time = "2026-03-25T20:21:44.474Z" },
    { url = "https://files.pythonhosted.org/packages/df/6d/c5fad00d82b3c7a3ab6189bd4b10e60466f22cfe8a08a9394185c8a8111c/tomli-2.4.1-cp314-cp314-manylinux2014_x86_64.manylinux_2_17_x86_64.manylinux_2_28_x86_64.whl", hash = "sha256:01f520d4f53ef97964a240a035ec2a869fe1a37dde002b57ebc4417a27ccd853", size = 252084, upload-time = "2026-03-25T20:21:45.62Z" },
    { url = "https://files.pythonhosted.org/packages/00/71/3a69e86f3eafe8c7a59d008d245888051005bd657760e96d5fbfb0b740c2/tomli-2.4.1-cp314-cp314-musllinux_1_2_aarch64.whl", hash = "sha256:7f94b27a62cfad8496c8d2513e1a222dd446f095fca8987fceef261225538a15", size = 247973, upload-time = "2026-03-25T20:21:46.937Z" },
    { url = "https://files.pythonhosted.org/packages/67/50/361e986652847fec4bd5e4a0208752fbe64689c603c7ae5ea7cb16b1c0ca/tomli-2.4.1-cp314-cp314-musllinux_1_2_x86_64.whl", hash = "sha256:ede3e6487c5ef5d28634ba3f31f989030ad6af71edfb0055cbbd14189ff240ba", size = 256223, upload-time = "2026-03-25T20:21:48.467Z" },
    { url = "https://files.pythonhosted.org/packages/8c/9a/b4173689a9203472e5467217e0154b00e260621caa227b6fa01feab16998/tomli-2.4.1-cp314-cp314-win32.whl", hash = "sha256:3d48a93ee1c9b79c04bb38772ee1b64dcf18ff43085896ea460ca8dec96f35f6", size = 98973, upload-time = "2026-03-25T20:21:49.526Z" },
    { url = "https://files.pythonhosted.org/packages/14/58/640ac93bf230cd27d002462c9af0d837779f8773bc03dee06b5835208214/tomli-2.4.1-cp314-cp314-win_amd64.whl", hash = "sha256:88dceee75c2c63af144e456745e10101eb67361050196b0b6af5d717254dddf7", size = 109082, upload-time = "2026-03-25T20:21:50.506Z" },
    { url = "https://files.pythonhosted.org/packages/d5/2f/702d5e05b227401c1068f0d386d79a589bb12bf64c3d2c72ce0631e3bc49/tomli-2.4.1-cp314-cp314-win_arm64.whl", hash = "sha256:b8c198f8c1805dc42708689ed6864951fd2494f924149d3e4bce7710f8eb5232", size = 96490, upload-time = "2026-03-25T20:21:51.474Z" },
    { url = "https://files.pythonhosted.org/packages/45/4b/b877b05c8ba62927d9865dd980e34a755de541eb65fffba52b4cc495d4d2/tomli-2.4.1-cp314-cp314t-macosx_10_15_x86_64.whl", hash = "sha256:d4d8fe59808a54658fcc0160ecfb1b30f9089906c50b23bcb4c69eddc19ec2b4", size = 164263, upload-time = "2026-03-25T20:21:52.543Z" },
    { url = "https://files.pythonhosted.org/packages/24/79/6ab420d37a270b89f7195dec5448f79400d9e9c1826df982f3f8e97b24fd/tomli-2.4.1-cp314-cp314t-macosx_11_0_arm64.whl", hash = "sha256:7008df2e7655c495dd12d2a4ad038ff878d4ca4b81fccaf82b714e07eae4402c", size = 160736, upload-time = "2026-03-25T20:21:53.674Z" },
    { url = "https://files.pythonhosted.org/packages/02/e0/3630057d8eb170310785723ed5adcdfb7d50cb7e6455f85ba8a3deed642b/tomli-2.4.1-cp314-cp314t-manylinux2014_aarch64.manylinux_2_17_aarch64.manylinux_2_28_aarch64.whl", hash = "sha256:1d8591993e228b0c930c4bb0db464bdad97b3289fb981255d6c9a41aedc84b2d", size = 270717, upload-time = "2026-03-25T20:21:55.129Z" },
    { url = "https://files.pythonhosted.org/packages/7a/b4/1613716072e544d1a7891f548d8f9ec6ce2faf42ca65acae01d76ea06bb0/tomli-2.4.1-cp314-cp314t-manylinux2014_x86_64.manylinux_2_17_x86_64.manylinux_2_28_x86_64.whl", hash = "sha256:734e20b57ba95624ecf1841e72b53f6e186355e216e5412de414e3c51e5e3c41", size = 278461, upload-time = "2026-03-25T20:21:56.228Z" },
    { url = "https://files.pythonhosted.org/packages/05/38/30f541baf6a3f6df77b3df16b01ba319221389e2da59427e221ef417ac0c/tomli-2.4.1-cp314-cp314t-musllinux_1_2_aarch64.whl", hash = "sha256:8a650c2dbafa08d42e51ba0b62740dae4ecb9338eefa093aa5c78ceb546fcd5c", size = 274855, upload-time = "2026-03-25T20:21:57.653Z" },
    { url = "https://files.pythonhosted.org/packages/77/a3/ec9dd4fd2c38e98de34223b995a3b34813e6bdadf86c75314c928350ed14/tomli-2.4.1-cp314-cp314t-musllinux_1_2_x86_64.whl", hash = "sha256:504aa796fe0569bb43171066009ead363de03675276d2d121ac1a4572397870f", size = 283144, upload-time = "2026-03-25T20:21:59.089Z" },
    { url = "https://files.pythonhosted.org/packages/ef/be/605a6261cac79fba2ec0c9827e986e00323a1945700969b8ee0b30d85453/tomli-2.4.1-cp314-cp314t-win32.whl", hash = "sha256:b1d22e6e9387bf4739fbe23bfa80e93f6b0373a7f1b96c6227c32bef95a4d7a8", size = 108683, upload-time = "2026-03-25T20:22:00.214Z" },
    { url = "https://files.pythonhosted.org/packages/12/64/da524626d3b9cc40c168a13da8335fe1c51be12c0a63685cc6db7308daae/tomli-2.4.1-cp314-cp314t-win_amd64.whl", hash = "sha256:2c1c351919aca02858f740c6d33adea0c5deea37f9ecca1cc1ef9e884a619d26", size = 121196, upload-time = "2026-03-25T20:22:01.169Z" },
    { url = "https://files.pythonhosted.org/packages/5a/cd/e80b62269fc78fc36c9af5a6b89c835baa8af28ff5ad28c7028d60860320/tomli-2.4.1-cp314-cp314t-win_arm64.whl", hash = "sha256:eab21f45c7f66c13f2a9e0e1535309cee140182a9cdae1e041d02e47291e8396", size = 100393, upload-time = "2026-03-25T20:22:02.137Z" },
    { url = "https://files.pythonhosted.org/packages/7b/61/cceae43728b7de99d9b847560c262873a1f6c98202171fd5ed62640b494b/tomli-2.4.1-py3-none-any.whl", hash = "sha256:0d85819802132122da43cb86656f8d1f8c6587d54ae7dcaf30e90533028b49fe", size = 14583, upload-time = "2026-03-25T20:22:03.012Z" },
]

[[package]]
name = "typing-extensions"
version = "4.16.0"
source = { registry = "https://pypi.org/simple" }
sdist = { url = "https://files.pythonhosted.org/packages/f6/cc/6253133b5bb138fc3306cebfbda2c520f545d36b5be2c7255cc528bb45d6/typing_extensions-4.16.0.tar.gz", hash = "sha256:dc983d19a509c94dba722ee6abd33940f7c05a89e243c47e907eb4db6f1a43e5", size = 113555, upload-time = "2026-07-02T08:40:05.92Z" }
wheels = [
    { url = "https://files.pythonhosted.org/packages/49/d3/b8441a820a491ddfc024b0b0cf0393375b75ea13866d9c66727e54c2fc80/typing_extensions-4.16.0-py3-none-any.whl", hash = "sha256:481caa481374e813c1b176ada14e97f1f67a4539ce9cfeb3f350d78d6370c2e8", size = 45571, upload-time = "2026-07-02T08:40:04.659Z" },
]
